// !$*UTF8*$!
{
	archiveVersion = 1;
	classes = {
	};
	objectVersion = 42;
	objects = {

/* Begin PBXBuildFile section */
		330B467C0F531601009239FC /* ftpConnection.cpp in Sources */ = {isa = PBXBuildFile; fileRef = 330B467B0F531601009239FC /* ftpConnection.cpp */; };
		330B467E0F531619009239FC /* multiProtocolFile.cpp in Sources */ = {isa = PBXBuildFile; fileRef = 330B467D0F531619009239FC /* multiProtocolFile.cpp */; };
		330B46860F531752009239FC /* libwx_macu_core-2.8.a in Frameworks */ = {isa = PBXBuildFile; fileRef = 330B46840F531752009239FC /* libwx_macu_core-2.8.a */; };
		330B46870F531752009239FC /* libwxpng-2.8.a in Frameworks */ = {isa = PBXBuildFile; fileRef = 330B46850F531752009239FC /* libwxpng-2.8.a */; };
		330B468B0F5317B1009239FC /* libwx_macu_adv-2.8.a in Frameworks */ = {isa = PBXBuildFile; fileRef = 330B46890F5317B1009239FC /* libwx_macu_adv-2.8.a */; };
		330B468C0F5317B1009239FC /* libwx_macu_qa-2.8.a in Frameworks */ = {isa = PBXBuildFile; fileRef = 330B468A0F5317B1009239FC /* libwx_macu_qa-2.8.a */; };
		330B46990F53182C009239FC /* libwx_base_carbonu-2.8.a in Frameworks */ = {isa = PBXBuildFile; fileRef = 330B468E0F53182C009239FC /* libwx_base_carbonu-2.8.a */; };
		330B469A0F53182C009239FC /* libwx_base_carbonu_net-2.8.a in Frameworks */ = {isa = PBXBuildFile; fileRef = 330B468F0F53182C009239FC /* libwx_base_carbonu_net-2.8.a */; };
		330B469B0F53182C009239FC /* libwx_base_carbonu_xml-2.8.a in Frameworks */ = {isa = PBXBuildFile; fileRef = 330B46900F53182C009239FC /* libwx_base_carbonu_xml-2.8.a */; };
		330B469C0F53182C009239FC /* libwx_macu_aui-2.8.a in Frameworks */ = {isa = PBXBuildFile; fileRef = 330B46910F53182C009239FC /* libwx_macu_aui-2.8.a */; };
		330B469D0F53182C009239FC /* libwx_macu_html-2.8.a in Frameworks */ = {isa = PBXBuildFile; fileRef = 330B46920F53182C009239FC /* libwx_macu_html-2.8.a */; };
		330B469E0F53182C009239FC /* libwx_macu_richtext-2.8.a in Frameworks */ = {isa = PBXBuildFile; fileRef = 330B46930F53182C009239FC /* libwx_macu_richtext-2.8.a */; };
		330B469F0F53182C009239FC /* libwx_macu_xrc-2.8.a in Frameworks */ = {isa = PBXBuildFile; fileRef = 330B46940F53182C009239FC /* libwx_macu_xrc-2.8.a */; };
		330B46A00F53182C009239FC /* libwxexpat-2.8.a in Frameworks */ = {isa = PBXBuildFile; fileRef = 330B46950F53182C009239FC /* libwxexpat-2.8.a */; };
		330B46A10F53182C009239FC /* libwxjpeg-2.8.a in Frameworks */ = {isa = PBXBuildFile; fileRef = 330B46960F53182C009239FC /* libwxjpeg-2.8.a */; };
		330B46A20F53182C009239FC /* libwxregexu-2.8.a in Frameworks */ = {isa = PBXBuildFile; fileRef = 330B46970F53182C009239FC /* libwxregexu-2.8.a */; };
		330B46A30F53182C009239FC /* libwxtiff-2.8.a in Frameworks */ = {isa = PBXBuildFile; fileRef = 330B46980F53182C009239FC /* libwxtiff-2.8.a */; };
		3397B24D0D667B8C00580155 /* fahmon.mo in Copy cs_CZ translation */ = {isa = PBXBuildFile; fileRef = 3397B22A0D667AA300580155 /* fahmon.mo */; };
		3397B2510D667BD000580155 /* fahmon.mo in Copy de_DE translation */ = {isa = PBXBuildFile; fileRef = 3397B22C0D667AA300580155 /* fahmon.mo */; };
		3397B2540D667BF300580155 /* fahmon.mo in Copy en_GB translation */ = {isa = PBXBuildFile; fileRef = 3397B22E0D667AA300580155 /* fahmon.mo */; };
		3397B2570D667C3B00580155 /* fahmon.mo in Copy es_ES translation */ = {isa = PBXBuildFile; fileRef = 3397B2300D667AA300580155 /* fahmon.mo */; };
		3397B25A0D667C5D00580155 /* fahmon.mo in Copy fr_FR translation */ = {isa = PBXBuildFile; fileRef = 3397B2320D667AA300580155 /* fahmon.mo */; };
		3397B25D0D667C8200580155 /* fahmon.mo in Copy nl_NL translation */ = {isa = PBXBuildFile; fileRef = 3397B2340D667AA300580155 /* fahmon.mo */; };
		3397B2600D667CA100580155 /* fahmon.mo in Copy pl_PL translation */ = {isa = PBXBuildFile; fileRef = 3397B2360D667AA300580155 /* fahmon.mo */; };
		3397B2630D667CC000580155 /* fahmon.mo in Copy pt_BR translation */ = {isa = PBXBuildFile; fileRef = 3397B2380D667AA300580155 /* fahmon.mo */; };
		3397B2660D667CDF00580155 /* fahmon.mo in Copy pt_PT translation */ = {isa = PBXBuildFile; fileRef = 3397B23A0D667AA300580155 /* fahmon.mo */; };
		3397B2690D667D0700580155 /* fahmon.mo in Copy ru_RU translation */ = {isa = PBXBuildFile; fileRef = 3397B23C0D667AA300580155 /* fahmon.mo */; };
		3397B26C0D667D2D00580155 /* fahmon.mo in Copy sv_SE translation */ = {isa = PBXBuildFile; fileRef = 3397B23E0D667AA300580155 /* fahmon.mo */; };
		33C2057E0D64BC30006EE977 /* fahmon.icns in Resources */ = {isa = PBXBuildFile; fileRef = 33C2057D0D64BC30006EE977 /* fahmon.icns */; };
		33C205800D64BC79006EE977 /* FahMon-Info.plist in Resources */ = {isa = PBXBuildFile; fileRef = 33C2057F0D64BC79006EE977 /* FahMon-Info.plist */; };
		33C205890D64BE31006EE977 /* fancy_template.htm in Resources */ = {isa = PBXBuildFile; fileRef = 33C205860D64BE31006EE977 /* fancy_template.htm */; };
		33C2058A0D64BE31006EE977 /* simple_template.htm in Resources */ = {isa = PBXBuildFile; fileRef = 33C205870D64BE31006EE977 /* simple_template.htm */; };
		33C2058B0D64BE31006EE977 /* simple_template.txt in Resources */ = {isa = PBXBuildFile; fileRef = 33C205880D64BE31006EE977 /* simple_template.txt */; };
		33C205960D64BEC5006EE977 /* list_client_asynch.png in Resources */ = {isa = PBXBuildFile; fileRef = 33C2058D0D64BEC5006EE977 /* list_client_asynch.png */; };
		33C205980D64BEC5006EE977 /* list_client_inaccessible.png in Resources */ = {isa = PBXBuildFile; fileRef = 33C2058F0D64BEC5006EE977 /* list_client_inaccessible.png */; };
		33C205990D64BEC5006EE977 /* list_client_inactive.png in Resources */ = {isa = PBXBuildFile; fileRef = 33C205900D64BEC5006EE977 /* list_client_inactive.png */; };
		33C2059A0D64BEC5006EE977 /* list_client_ok.png in Resources */ = {isa = PBXBuildFile; fileRef = 33C205910D64BEC5006EE977 /* list_client_ok.png */; };
		33C2059B0D64BEC5006EE977 /* list_client_stopped.png in Resources */ = {isa = PBXBuildFile; fileRef = 33C205920D64BEC5006EE977 /* list_client_stopped.png */; };
		33C2059C0D64BEC5006EE977 /* list_down_arrow.png in Resources */ = {isa = PBXBuildFile; fileRef = 33C205930D64BEC5006EE977 /* list_down_arrow.png */; };
		33C2059D0D64BEC5006EE977 /* list_up_arrow.png in Resources */ = {isa = PBXBuildFile; fileRef = 33C205940D64BEC5006EE977 /* list_up_arrow.png */; };
		33C2059E0D64BEC5006EE977 /* main_icon.png in Resources */ = {isa = PBXBuildFile; fileRef = 33C205950D64BEC5006EE977 /* main_icon.png */; };
		33C205A00D64BF07006EE977 /* dialog_icon.png in Resources */ = {isa = PBXBuildFile; fileRef = 33C2059F0D64BF07006EE977 /* dialog_icon.png */; };
		33C205B40D64C154006EE977 /* aboutDialog.cpp in Sources */ = {isa = PBXBuildFile; fileRef = 33C205A20D64C154006EE977 /* aboutDialog.cpp */; };
		33C205B50D64C154006EE977 /* base64Codec.cpp in Sources */ = {isa = PBXBuildFile; fileRef = 33C205A30D64C154006EE977 /* base64Codec.cpp */; };
		33C205B60D64C154006EE977 /* benchmark.cpp in Sources */ = {isa = PBXBuildFile; fileRef = 33C205A40D64C154006EE977 /* benchmark.cpp */; };
		33C205B70D64C154006EE977 /* benchmarksDialog.cpp in Sources */ = {isa = PBXBuildFile; fileRef = 33C205A50D64C154006EE977 /* benchmarksDialog.cpp */; };
		33C205B80D64C154006EE977 /* benchmarksManager.cpp in Sources */ = {isa = PBXBuildFile; fileRef = 33C205A60D64C154006EE977 /* benchmarksManager.cpp */; };
		33C205B90D64C154006EE977 /* client.cpp in Sources */ = {isa = PBXBuildFile; fileRef = 33C205A70D64C154006EE977 /* client.cpp */; };
		33C205BA0D64C154006EE977 /* clientDialog.cpp in Sources */ = {isa = PBXBuildFile; fileRef = 33C205A80D64C154006EE977 /* clientDialog.cpp */; };
		33C205BB0D64C154006EE977 /* clientHelperThread.cpp in Sources */ = {isa = PBXBuildFile; fileRef = 33C205A90D64C154006EE977 /* clientHelperThread.cpp */; };
		33C205BC0D64C154006EE977 /* clientsManager.cpp in Sources */ = {isa = PBXBuildFile; fileRef = 33C205AA0D64C154006EE977 /* clientsManager.cpp */; };
		33C205BD0D64C154006EE977 /* core.cpp in Sources */ = {isa = PBXBuildFile; fileRef = 33C205AB0D64C154006EE977 /* core.cpp */; };
		33C205BE0D64C154006EE977 /* dataInputStream.cpp in Sources */ = {isa = PBXBuildFile; fileRef = 33C205AC0D64C154006EE977 /* dataInputStream.cpp */; };
		33C205BF0D64C154006EE977 /* dataOutputStream.cpp in Sources */ = {isa = PBXBuildFile; fileRef = 33C205AD0D64C154006EE977 /* dataOutputStream.cpp */; };
		33C205C00D64C154006EE977 /* eta.cpp in Sources */ = {isa = PBXBuildFile; fileRef = 33C205AE0D64C154006EE977 /* eta.cpp */; };
		33C205C10D64C154006EE977 /* fahlogAnalyzer.cpp in Sources */ = {isa = PBXBuildFile; fileRef = 33C205AF0D64C154006EE977 /* fahlogAnalyzer.cpp */; };
		33C205C20D64C154006EE977 /* firstTimeDialog.cpp in Sources */ = {isa = PBXBuildFile; fileRef = 33C205B00D64C154006EE977 /* firstTimeDialog.cpp */; };
		33C205C40D64C154006EE977 /* htmlParser.cpp in Sources */ = {isa = PBXBuildFile; fileRef = 33C205B20D64C154006EE977 /* htmlParser.cpp */; };
		33C205C50D64C154006EE977 /* httpDownloader.cpp in Sources */ = {isa = PBXBuildFile; fileRef = 33C205B30D64C154006EE977 /* httpDownloader.cpp */; };
		33C205D90D64C17E006EE977 /* listViewClients.cpp in Sources */ = {isa = PBXBuildFile; fileRef = 33C205C60D64C17E006EE977 /* listViewClients.cpp */; };
		33C205DA0D64C17E006EE977 /* main.cpp in Sources */ = {isa = PBXBuildFile; fileRef = 33C205C70D64C17E006EE977 /* main.cpp */; };
		33C205DB0D64C17E006EE977 /* mainDialog.cpp in Sources */ = {isa = PBXBuildFile; fileRef = 33C205C80D64C17E006EE977 /* mainDialog.cpp */; };
		33C205DC0D64C17E006EE977 /* messagesFrame.cpp in Sources */ = {isa = PBXBuildFile; fileRef = 33C205C90D64C17E006EE977 /* messagesFrame.cpp */; };
		33C205DD0D64C17E006EE977 /* messagesManager.cpp in Sources */ = {isa = PBXBuildFile; fileRef = 33C205CA0D64C17E006EE977 /* messagesManager.cpp */; };
		33C205DE0D64C17E006EE977 /* pathManager.cpp in Sources */ = {isa = PBXBuildFile; fileRef = 33C205CB0D64C17E006EE977 /* pathManager.cpp */; };
		33C205DF0D64C17E006EE977 /* preference.cpp in Sources */ = {isa = PBXBuildFile; fileRef = 33C205CC0D64C17E006EE977 /* preference.cpp */; };
		33C205E00D64C17E006EE977 /* preferencesDialog.cpp in Sources */ = {isa = PBXBuildFile; fileRef = 33C205CD0D64C17E006EE977 /* preferencesDialog.cpp */; };
		33C205E10D64C17E006EE977 /* preferencesManager.cpp in Sources */ = {isa = PBXBuildFile; fileRef = 33C205CE0D64C17E006EE977 /* preferencesManager.cpp */; };
		33C205E20D64C17E006EE977 /* progressManager.cpp in Sources */ = {isa = PBXBuildFile; fileRef = 33C205CF0D64C17E006EE977 /* progressManager.cpp */; };
		33C205E30D64C17E006EE977 /* project.cpp in Sources */ = {isa = PBXBuildFile; fileRef = 33C205D00D64C17E006EE977 /* project.cpp */; };
		33C205E40D64C17E006EE977 /* projectHelperThread.cpp in Sources */ = {isa = PBXBuildFile; fileRef = 33C205D10D64C17E006EE977 /* projectHelperThread.cpp */; };
		33C205E50D64C17E006EE977 /* projectsManager.cpp in Sources */ = {isa = PBXBuildFile; fileRef = 33C205D20D64C17E006EE977 /* projectsManager.cpp */; };
		33C205E60D64C17E006EE977 /* queue.cpp in Sources */ = {isa = PBXBuildFile; fileRef = 33C205D30D64C17E006EE977 /* queue.cpp */; };
		33C205E70D64C17E006EE977 /* staticBoldedText.cpp in Sources */ = {isa = PBXBuildFile; fileRef = 33C205D40D64C17E006EE977 /* staticBoldedText.cpp */; };
		33C205E80D64C17E006EE977 /* tools.cpp in Sources */ = {isa = PBXBuildFile; fileRef = 33C205D50D64C17E006EE977 /* tools.cpp */; };
		33C205E90D64C17E006EE977 /* trayManager.cpp in Sources */ = {isa = PBXBuildFile; fileRef = 33C205D60D64C17E006EE977 /* trayManager.cpp */; };
		33C205EA0D64C17E006EE977 /* webMonitor.cpp in Sources */ = {isa = PBXBuildFile; fileRef = 33C205D70D64C17E006EE977 /* webMonitor.cpp */; };
		33C205EB0D64C17E006EE977 /* workUnitFrame.cpp in Sources */ = {isa = PBXBuildFile; fileRef = 33C205D80D64C17E006EE977 /* workUnitFrame.cpp */; };
		33D309030F532A8500C6B636 /* libwxcode_macu_wxcurl-2.8.a in Frameworks */ = {isa = PBXBuildFile; fileRef = 33D309020F532A8500C6B636 /* libwxcode_macu_wxcurl-2.8.a */; };
		33D309080F53635900C6B636 /* libwx_macu_gl-2.8.a in Frameworks */ = {isa = PBXBuildFile; fileRef = 33D309070F53635900C6B636 /* libwx_macu_gl-2.8.a */; };
		33D309170F536B6000C6B636 /* list_client_error.png in Resources */ = {isa = PBXBuildFile; fileRef = 33D309150F536B6000C6B636 /* list_client_error.png */; };
		33D309180F536B6000C6B636 /* list_client_paused.png in Resources */ = {isa = PBXBuildFile; fileRef = 33D309160F536B6000C6B636 /* list_client_paused.png */; };
		33D3091C0F536C0D00C6B636 /* fahmon.mo in Resources */ = {isa = PBXBuildFile; fileRef = 33D3091B0F536C0D00C6B636 /* fahmon.mo */; };
		33D3091E0F536CAA00C6B636 /* fahmon.mo in Copy it_IT translation */ = {isa = PBXBuildFile; fileRef = 33D3091B0F536C0D00C6B636 /* fahmon.mo */; };
		33D309220F536CF700C6B636 /* fahmon.mo in Resources */ = {isa = PBXBuildFile; fileRef = 33D309210F536CF700C6B636 /* fahmon.mo */; };
		33D309240F536D1A00C6B636 /* fahmon.mo in Copy nb_NB translation */ = {isa = PBXBuildFile; fileRef = 33D309210F536CF700C6B636 /* fahmon.mo */; };
/* End PBXBuildFile section */

/* Begin PBXCopyFilesBuildPhase section */
		3397B2270D667A7100580155 /* Copy cs_CZ translation */ = {
			isa = PBXCopyFilesBuildPhase;
			buildActionMask = 2147483647;
			dstPath = lang/cs_CZ;
			dstSubfolderSpec = 12;
			files = (
				3397B24D0D667B8C00580155 /* fahmon.mo in Copy cs_CZ translation */,
			);
			name = "Copy cs_CZ translation";
			runOnlyForDeploymentPostprocessing = 0;
		};
		3397B24F0D667BB000580155 /* Copy de_DE translation */ = {
			isa = PBXCopyFilesBuildPhase;
			buildActionMask = 2147483647;
			dstPath = lang/de_DE;
			dstSubfolderSpec = 12;
			files = (
				3397B2510D667BD000580155 /* fahmon.mo in Copy de_DE translation */,
			);
			name = "Copy de_DE translation";
			runOnlyForDeploymentPostprocessing = 0;
		};
		3397B2520D667BD700580155 /* Copy en_GB translation */ = {
			isa = PBXCopyFilesBuildPhase;
			buildActionMask = 2147483647;
			dstPath = lang/en_GB;
			dstSubfolderSpec = 12;
			files = (
				3397B2540D667BF300580155 /* fahmon.mo in Copy en_GB translation */,
			);
			name = "Copy en_GB translation";
			runOnlyForDeploymentPostprocessing = 0;
		};
		3397B2550D667C1C00580155 /* Copy es_ES translation */ = {
			isa = PBXCopyFilesBuildPhase;
			buildActionMask = 2147483647;
			dstPath = lang/es_ES;
			dstSubfolderSpec = 12;
			files = (
				3397B2570D667C3B00580155 /* fahmon.mo in Copy es_ES translation */,
			);
			name = "Copy es_ES translation";
			runOnlyForDeploymentPostprocessing = 0;
		};
		3397B2580D667C4400580155 /* Copy fr_FR translation */ = {
			isa = PBXCopyFilesBuildPhase;
			buildActionMask = 2147483647;
			dstPath = lang/fr_FR;
			dstSubfolderSpec = 12;
			files = (
				3397B25A0D667C5D00580155 /* fahmon.mo in Copy fr_FR translation */,
			);
			name = "Copy fr_FR translation";
			runOnlyForDeploymentPostprocessing = 0;
		};
		3397B25B0D667C6800580155 /* Copy nl_NL translation */ = {
			isa = PBXCopyFilesBuildPhase;
			buildActionMask = 2147483647;
			dstPath = lang/nl_NL;
			dstSubfolderSpec = 12;
			files = (
				3397B25D0D667C8200580155 /* fahmon.mo in Copy nl_NL translation */,
			);
			name = "Copy nl_NL translation";
			runOnlyForDeploymentPostprocessing = 0;
		};
		3397B25E0D667C8700580155 /* Copy pl_PL translation */ = {
			isa = PBXCopyFilesBuildPhase;
			buildActionMask = 2147483647;
			dstPath = lang/pl_PL;
			dstSubfolderSpec = 12;
			files = (
				3397B2600D667CA100580155 /* fahmon.mo in Copy pl_PL translation */,
			);
			name = "Copy pl_PL translation";
			runOnlyForDeploymentPostprocessing = 0;
		};
		3397B2610D667CA700580155 /* Copy pt_BR translation */ = {
			isa = PBXCopyFilesBuildPhase;
			buildActionMask = 2147483647;
			dstPath = lang/pt_BR;
			dstSubfolderSpec = 12;
			files = (
				3397B2630D667CC000580155 /* fahmon.mo in Copy pt_BR translation */,
			);
			name = "Copy pt_BR translation";
			runOnlyForDeploymentPostprocessing = 0;
		};
		3397B2640D667CC500580155 /* Copy pt_PT translation */ = {
			isa = PBXCopyFilesBuildPhase;
			buildActionMask = 2147483647;
			dstPath = lang/pt_PT;
			dstSubfolderSpec = 12;
			files = (
				3397B2660D667CDF00580155 /* fahmon.mo in Copy pt_PT translation */,
			);
			name = "Copy pt_PT translation";
			runOnlyForDeploymentPostprocessing = 0;
		};
		3397B2670D667CE600580155 /* Copy ru_RU translation */ = {
			isa = PBXCopyFilesBuildPhase;
			buildActionMask = 2147483647;
			dstPath = lang/ru_RU;
			dstSubfolderSpec = 12;
			files = (
				3397B2690D667D0700580155 /* fahmon.mo in Copy ru_RU translation */,
			);
			name = "Copy ru_RU translation";
			runOnlyForDeploymentPostprocessing = 0;
		};
		3397B26A0D667D1100580155 /* Copy sv_SE translation */ = {
			isa = PBXCopyFilesBuildPhase;
			buildActionMask = 2147483647;
			dstPath = lang/sv_SE;
			dstSubfolderSpec = 12;
			files = (
				3397B26C0D667D2D00580155 /* fahmon.mo in Copy sv_SE translation */,
			);
			name = "Copy sv_SE translation";
			runOnlyForDeploymentPostprocessing = 0;
		};
		33D3091A0F536C0C00C6B636 /* Copy it_IT translation */ = {
			isa = PBXCopyFilesBuildPhase;
			buildActionMask = 2147483647;
			dstPath = lang/it_IT;
			dstSubfolderSpec = 12;
			files = (
				33D3091E0F536CAA00C6B636 /* fahmon.mo in Copy it_IT translation */,
			);
			name = "Copy it_IT translation";
			runOnlyForDeploymentPostprocessing = 0;
		};
		33D309260F536D4B00C6B636 /* Copy nb_NB translation */ = {
			isa = PBXCopyFilesBuildPhase;
			buildActionMask = 2147483647;
			dstPath = lang/nb_NB;
			dstSubfolderSpec = 12;
			files = (
				33D309240F536D1A00C6B636 /* fahmon.mo in Copy nb_NB translation */,
			);
			name = "Copy nb_NB translation";
			runOnlyForDeploymentPostprocessing = 0;
		};
/* End PBXCopyFilesBuildPhase section */

/* Begin PBXFileReference section */
		330B467B0F531601009239FC /* ftpConnection.cpp */ = {isa = PBXFileReference; fileEncoding = 4; lastKnownFileType = sourcecode.cpp.cpp; name = ftpConnection.cpp; path = src/ftpConnection.cpp; sourceTree = "<group>"; };
		330B467D0F531619009239FC /* multiProtocolFile.cpp */ = {isa = PBXFileReference; fileEncoding = 4; lastKnownFileType = sourcecode.cpp.cpp; name = multiProtocolFile.cpp; path = src/multiProtocolFile.cpp; sourceTree = "<group>"; };
		330B467F0F531632009239FC /* ftpConnection.h */ = {isa = PBXFileReference; fileEncoding = 4; lastKnownFileType = sourcecode.c.h; name = ftpConnection.h; path = src/include/ftpConnection.h; sourceTree = "<group>"; };
		330B46800F531632009239FC /* multiProtocolFile.h */ = {isa = PBXFileReference; fileEncoding = 4; lastKnownFileType = sourcecode.c.h; name = multiProtocolFile.h; path = src/include/multiProtocolFile.h; sourceTree = "<group>"; };
		330B46840F531752009239FC /* libwx_macu_core-2.8.a */ = {isa = PBXFileReference; lastKnownFileType = archive.ar; name = "libwx_macu_core-2.8.a"; path = "../../../Development/wxMac-2.8.9/build-release/lib/libwx_macu_core-2.8.a"; sourceTree = SOURCE_ROOT; };
		330B46850F531752009239FC /* libwxpng-2.8.a */ = {isa = PBXFileReference; lastKnownFileType = archive.ar; name = "libwxpng-2.8.a"; path = "../../../Development/wxMac-2.8.9/build-release/lib/libwxpng-2.8.a"; sourceTree = SOURCE_ROOT; };
		330B46890F5317B1009239FC /* libwx_macu_adv-2.8.a */ = {isa = PBXFileReference; lastKnownFileType = archive.ar; name = "libwx_macu_adv-2.8.a"; path = "../../../Development/wxMac-2.8.9/build-release/lib/libwx_macu_adv-2.8.a"; sourceTree = SOURCE_ROOT; };
		330B468A0F5317B1009239FC /* libwx_macu_qa-2.8.a */ = {isa = PBXFileReference; lastKnownFileType = archive.ar; name = "libwx_macu_qa-2.8.a"; path = "../../../Development/wxMac-2.8.9/build-release/lib/libwx_macu_qa-2.8.a"; sourceTree = SOURCE_ROOT; };
		330B468E0F53182C009239FC /* libwx_base_carbonu-2.8.a */ = {isa = PBXFileReference; lastKnownFileType = archive.ar; name = "libwx_base_carbonu-2.8.a"; path = "../../../Development/wxMac-2.8.9/build-release/lib/libwx_base_carbonu-2.8.a"; sourceTree = SOURCE_ROOT; };
		330B468F0F53182C009239FC /* libwx_base_carbonu_net-2.8.a */ = {isa = PBXFileReference; lastKnownFileType = archive.ar; name = "libwx_base_carbonu_net-2.8.a"; path = "../../../Development/wxMac-2.8.9/build-release/lib/libwx_base_carbonu_net-2.8.a"; sourceTree = SOURCE_ROOT; };
		330B46900F53182C009239FC /* libwx_base_carbonu_xml-2.8.a */ = {isa = PBXFileReference; lastKnownFileType = archive.ar; name = "libwx_base_carbonu_xml-2.8.a"; path = "../../../Development/wxMac-2.8.9/build-release/lib/libwx_base_carbonu_xml-2.8.a"; sourceTree = SOURCE_ROOT; };
		330B46910F53182C009239FC /* libwx_macu_aui-2.8.a */ = {isa = PBXFileReference; lastKnownFileType = archive.ar; name = "libwx_macu_aui-2.8.a"; path = "../../../Development/wxMac-2.8.9/build-release/lib/libwx_macu_aui-2.8.a"; sourceTree = SOURCE_ROOT; };
		330B46920F53182C009239FC /* libwx_macu_html-2.8.a */ = {isa = PBXFileReference; lastKnownFileType = archive.ar; name = "libwx_macu_html-2.8.a"; path = "../../../Development/wxMac-2.8.9/build-release/lib/libwx_macu_html-2.8.a"; sourceTree = SOURCE_ROOT; };
		330B46930F53182C009239FC /* libwx_macu_richtext-2.8.a */ = {isa = PBXFileReference; lastKnownFileType = archive.ar; name = "libwx_macu_richtext-2.8.a"; path = "../../../Development/wxMac-2.8.9/build-release/lib/libwx_macu_richtext-2.8.a"; sourceTree = SOURCE_ROOT; };
		330B46940F53182C009239FC /* libwx_macu_xrc-2.8.a */ = {isa = PBXFileReference; lastKnownFileType = archive.ar; name = "libwx_macu_xrc-2.8.a"; path = "../../../Development/wxMac-2.8.9/build-release/lib/libwx_macu_xrc-2.8.a"; sourceTree = SOURCE_ROOT; };
		330B46950F53182C009239FC /* libwxexpat-2.8.a */ = {isa = PBXFileReference; lastKnownFileType = archive.ar; name = "libwxexpat-2.8.a"; path = "../../../Development/wxMac-2.8.9/build-release/lib/libwxexpat-2.8.a"; sourceTree = SOURCE_ROOT; };
		330B46960F53182C009239FC /* libwxjpeg-2.8.a */ = {isa = PBXFileReference; lastKnownFileType = archive.ar; name = "libwxjpeg-2.8.a"; path = "../../../Development/wxMac-2.8.9/build-release/lib/libwxjpeg-2.8.a"; sourceTree = SOURCE_ROOT; };
		330B46970F53182C009239FC /* libwxregexu-2.8.a */ = {isa = PBXFileReference; lastKnownFileType = archive.ar; name = "libwxregexu-2.8.a"; path = "../../../Development/wxMac-2.8.9/build-release/lib/libwxregexu-2.8.a"; sourceTree = SOURCE_ROOT; };
		330B46980F53182C009239FC /* libwxtiff-2.8.a */ = {isa = PBXFileReference; lastKnownFileType = archive.ar; name = "libwxtiff-2.8.a"; path = "../../../Development/wxMac-2.8.9/build-release/lib/libwxtiff-2.8.a"; sourceTree = SOURCE_ROOT; };
		3397B22A0D667AA300580155 /* fahmon.mo */ = {isa = PBXFileReference; lastKnownFileType = file; path = fahmon.mo; sourceTree = "<group>"; };
		3397B22C0D667AA300580155 /* fahmon.mo */ = {isa = PBXFileReference; lastKnownFileType = file; path = fahmon.mo; sourceTree = "<group>"; };
		3397B22E0D667AA300580155 /* fahmon.mo */ = {isa = PBXFileReference; lastKnownFileType = file; path = fahmon.mo; sourceTree = "<group>"; };
		3397B2300D667AA300580155 /* fahmon.mo */ = {isa = PBXFileReference; lastKnownFileType = file; path = fahmon.mo; sourceTree = "<group>"; };
		3397B2320D667AA300580155 /* fahmon.mo */ = {isa = PBXFileReference; lastKnownFileType = file; path = fahmon.mo; sourceTree = "<group>"; };
		3397B2340D667AA300580155 /* fahmon.mo */ = {isa = PBXFileReference; lastKnownFileType = file; path = fahmon.mo; sourceTree = "<group>"; };
		3397B2360D667AA300580155 /* fahmon.mo */ = {isa = PBXFileReference; lastKnownFileType = file; path = fahmon.mo; sourceTree = "<group>"; };
		3397B2380D667AA300580155 /* fahmon.mo */ = {isa = PBXFileReference; lastKnownFileType = file; path = fahmon.mo; sourceTree = "<group>"; };
		3397B23A0D667AA300580155 /* fahmon.mo */ = {isa = PBXFileReference; lastKnownFileType = file; path = fahmon.mo; sourceTree = "<group>"; };
		3397B23C0D667AA300580155 /* fahmon.mo */ = {isa = PBXFileReference; lastKnownFileType = file; path = fahmon.mo; sourceTree = "<group>"; };
		3397B23E0D667AA300580155 /* fahmon.mo */ = {isa = PBXFileReference; lastKnownFileType = file; path = fahmon.mo; sourceTree = "<group>"; };
		33C2057D0D64BC30006EE977 /* fahmon.icns */ = {isa = PBXFileReference; lastKnownFileType = image.icns; name = fahmon.icns; path = mac/fahmon.icns; sourceTree = "<group>"; };
		33C2057F0D64BC79006EE977 /* FahMon-Info.plist */ = {isa = PBXFileReference; fileEncoding = 30; lastKnownFileType = text.xml; name = "FahMon-Info.plist"; path = "mac/FahMon-Info.plist"; sourceTree = "<group>"; };
		33C205860D64BE31006EE977 /* fancy_template.htm */ = {isa = PBXFileReference; fileEncoding = 30; lastKnownFileType = text.html; name = fancy_template.htm; path = templates/fancy_template.htm; sourceTree = "<group>"; };
		33C205870D64BE31006EE977 /* simple_template.htm */ = {isa = PBXFileReference; fileEncoding = 30; lastKnownFileType = text.html; name = simple_template.htm; path = templates/simple_template.htm; sourceTree = "<group>"; };
		33C205880D64BE31006EE977 /* simple_template.txt */ = {isa = PBXFileReference; fileEncoding = 30; lastKnownFileType = text; name = simple_template.txt; path = templates/simple_template.txt; sourceTree = "<group>"; };
		33C2058D0D64BEC5006EE977 /* list_client_asynch.png */ = {isa = PBXFileReference; lastKnownFileType = image.png; name = list_client_asynch.png; path = src/images/list_client_asynch.png; sourceTree = "<group>"; };
		33C2058F0D64BEC5006EE977 /* list_client_inaccessible.png */ = {isa = PBXFileReference; lastKnownFileType = image.png; name = list_client_inaccessible.png; path = src/images/list_client_inaccessible.png; sourceTree = "<group>"; };
		33C205900D64BEC5006EE977 /* list_client_inactive.png */ = {isa = PBXFileReference; lastKnownFileType = image.png; name = list_client_inactive.png; path = src/images/list_client_inactive.png; sourceTree = "<group>"; };
		33C205910D64BEC5006EE977 /* list_client_ok.png */ = {isa = PBXFileReference; lastKnownFileType = image.png; name = list_client_ok.png; path = src/images/list_client_ok.png; sourceTree = "<group>"; };
		33C205920D64BEC5006EE977 /* list_client_stopped.png */ = {isa = PBXFileReference; lastKnownFileType = image.png; name = list_client_stopped.png; path = src/images/list_client_stopped.png; sourceTree = "<group>"; };
		33C205930D64BEC5006EE977 /* list_down_arrow.png */ = {isa = PBXFileReference; lastKnownFileType = image.png; name = list_down_arrow.png; path = src/images/list_down_arrow.png; sourceTree = "<group>"; };
		33C205940D64BEC5006EE977 /* list_up_arrow.png */ = {isa = PBXFileReference; lastKnownFileType = image.png; name = list_up_arrow.png; path = src/images/list_up_arrow.png; sourceTree = "<group>"; };
		33C205950D64BEC5006EE977 /* main_icon.png */ = {isa = PBXFileReference; lastKnownFileType = image.png; name = main_icon.png; path = src/images/main_icon.png; sourceTree = "<group>"; };
		33C2059F0D64BF07006EE977 /* dialog_icon.png */ = {isa = PBXFileReference; lastKnownFileType = image.png; name = dialog_icon.png; path = src/images/dialog_icon.png; sourceTree = "<group>"; };
		33C205A20D64C154006EE977 /* aboutDialog.cpp */ = {isa = PBXFileReference; fileEncoding = 30; lastKnownFileType = sourcecode.cpp.cpp; name = aboutDialog.cpp; path = src/aboutDialog.cpp; sourceTree = "<group>"; };
		33C205A30D64C154006EE977 /* base64Codec.cpp */ = {isa = PBXFileReference; fileEncoding = 30; lastKnownFileType = sourcecode.cpp.cpp; name = base64Codec.cpp; path = src/base64Codec.cpp; sourceTree = "<group>"; };
		33C205A40D64C154006EE977 /* benchmark.cpp */ = {isa = PBXFileReference; fileEncoding = 30; lastKnownFileType = sourcecode.cpp.cpp; name = benchmark.cpp; path = src/benchmark.cpp; sourceTree = "<group>"; };
		33C205A50D64C154006EE977 /* benchmarksDialog.cpp */ = {isa = PBXFileReference; fileEncoding = 30; lastKnownFileType = sourcecode.cpp.cpp; name = benchmarksDialog.cpp; path = src/benchmarksDialog.cpp; sourceTree = "<group>"; };
		33C205A60D64C154006EE977 /* benchmarksManager.cpp */ = {isa = PBXFileReference; fileEncoding = 30; lastKnownFileType = sourcecode.cpp.cpp; name = benchmarksManager.cpp; path = src/benchmarksManager.cpp; sourceTree = "<group>"; };
		33C205A70D64C154006EE977 /* client.cpp */ = {isa = PBXFileReference; fileEncoding = 30; lastKnownFileType = sourcecode.cpp.cpp; name = client.cpp; path = src/client.cpp; sourceTree = "<group>"; };
		33C205A80D64C154006EE977 /* clientDialog.cpp */ = {isa = PBXFileReference; fileEncoding = 30; lastKnownFileType = sourcecode.cpp.cpp; name = clientDialog.cpp; path = src/clientDialog.cpp; sourceTree = "<group>"; };
		33C205A90D64C154006EE977 /* clientHelperThread.cpp */ = {isa = PBXFileReference; fileEncoding = 30; lastKnownFileType = sourcecode.cpp.cpp; name = clientHelperThread.cpp; path = src/clientHelperThread.cpp; sourceTree = "<group>"; };
		33C205AA0D64C154006EE977 /* clientsManager.cpp */ = {isa = PBXFileReference; fileEncoding = 30; lastKnownFileType = sourcecode.cpp.cpp; name = clientsManager.cpp; path = src/clientsManager.cpp; sourceTree = "<group>"; };
		33C205AB0D64C154006EE977 /* core.cpp */ = {isa = PBXFileReference; fileEncoding = 30; lastKnownFileType = sourcecode.cpp.cpp; name = core.cpp; path = src/core.cpp; sourceTree = "<group>"; };
		33C205AC0D64C154006EE977 /* dataInputStream.cpp */ = {isa = PBXFileReference; fileEncoding = 30; lastKnownFileType = sourcecode.cpp.cpp; name = dataInputStream.cpp; path = src/dataInputStream.cpp; sourceTree = "<group>"; };
		33C205AD0D64C154006EE977 /* dataOutputStream.cpp */ = {isa = PBXFileReference; fileEncoding = 30; lastKnownFileType = sourcecode.cpp.cpp; name = dataOutputStream.cpp; path = src/dataOutputStream.cpp; sourceTree = "<group>"; };
		33C205AE0D64C154006EE977 /* eta.cpp */ = {isa = PBXFileReference; fileEncoding = 30; lastKnownFileType = sourcecode.cpp.cpp; name = eta.cpp; path = src/eta.cpp; sourceTree = "<group>"; };
		33C205AF0D64C154006EE977 /* fahlogAnalyzer.cpp */ = {isa = PBXFileReference; fileEncoding = 30; lastKnownFileType = sourcecode.cpp.cpp; name = fahlogAnalyzer.cpp; path = src/fahlogAnalyzer.cpp; sourceTree = "<group>"; };
		33C205B00D64C154006EE977 /* firstTimeDialog.cpp */ = {isa = PBXFileReference; fileEncoding = 30; lastKnownFileType = sourcecode.cpp.cpp; name = firstTimeDialog.cpp; path = src/firstTimeDialog.cpp; sourceTree = "<group>"; };
		33C205B10D64C154006EE977 /* gettext.h */ = {isa = PBXFileReference; fileEncoding = 30; lastKnownFileType = sourcecode.c.h; name = gettext.h; path = src/gettext.h; sourceTree = "<group>"; };
		33C205B20D64C154006EE977 /* htmlParser.cpp */ = {isa = PBXFileReference; fileEncoding = 30; lastKnownFileType = sourcecode.cpp.cpp; name = htmlParser.cpp; path = src/htmlParser.cpp; sourceTree = "<group>"; };
		33C205B30D64C154006EE977 /* httpDownloader.cpp */ = {isa = PBXFileReference; fileEncoding = 30; lastKnownFileType = sourcecode.cpp.cpp; name = httpDownloader.cpp; path = src/httpDownloader.cpp; sourceTree = "<group>"; };
		33C205C60D64C17E006EE977 /* listViewClients.cpp */ = {isa = PBXFileReference; fileEncoding = 30; lastKnownFileType = sourcecode.cpp.cpp; name = listViewClients.cpp; path = src/listViewClients.cpp; sourceTree = "<group>"; };
		33C205C70D64C17E006EE977 /* main.cpp */ = {isa = PBXFileReference; fileEncoding = 30; lastKnownFileType = sourcecode.cpp.cpp; name = main.cpp; path = src/main.cpp; sourceTree = "<group>"; };
		33C205C80D64C17E006EE977 /* mainDialog.cpp */ = {isa = PBXFileReference; fileEncoding = 30; lastKnownFileType = sourcecode.cpp.cpp; name = mainDialog.cpp; path = src/mainDialog.cpp; sourceTree = "<group>"; };
		33C205C90D64C17E006EE977 /* messagesFrame.cpp */ = {isa = PBXFileReference; fileEncoding = 30; lastKnownFileType = sourcecode.cpp.cpp; name = messagesFrame.cpp; path = src/messagesFrame.cpp; sourceTree = "<group>"; };
		33C205CA0D64C17E006EE977 /* messagesManager.cpp */ = {isa = PBXFileReference; fileEncoding = 30; lastKnownFileType = sourcecode.cpp.cpp; name = messagesManager.cpp; path = src/messagesManager.cpp; sourceTree = "<group>"; };
		33C205CB0D64C17E006EE977 /* pathManager.cpp */ = {isa = PBXFileReference; fileEncoding = 30; lastKnownFileType = sourcecode.cpp.cpp; name = pathManager.cpp; path = src/pathManager.cpp; sourceTree = "<group>"; };
		33C205CC0D64C17E006EE977 /* preference.cpp */ = {isa = PBXFileReference; fileEncoding = 30; lastKnownFileType = sourcecode.cpp.cpp; name = preference.cpp; path = src/preference.cpp; sourceTree = "<group>"; };
		33C205CD0D64C17E006EE977 /* preferencesDialog.cpp */ = {isa = PBXFileReference; fileEncoding = 30; lastKnownFileType = sourcecode.cpp.cpp; name = preferencesDialog.cpp; path = src/preferencesDialog.cpp; sourceTree = "<group>"; };
		33C205CE0D64C17E006EE977 /* preferencesManager.cpp */ = {isa = PBXFileReference; fileEncoding = 30; lastKnownFileType = sourcecode.cpp.cpp; name = preferencesManager.cpp; path = src/preferencesManager.cpp; sourceTree = "<group>"; };
		33C205CF0D64C17E006EE977 /* progressManager.cpp */ = {isa = PBXFileReference; fileEncoding = 30; lastKnownFileType = sourcecode.cpp.cpp; name = progressManager.cpp; path = src/progressManager.cpp; sourceTree = "<group>"; };
		33C205D00D64C17E006EE977 /* project.cpp */ = {isa = PBXFileReference; fileEncoding = 30; lastKnownFileType = sourcecode.cpp.cpp; name = project.cpp; path = src/project.cpp; sourceTree = "<group>"; };
		33C205D10D64C17E006EE977 /* projectHelperThread.cpp */ = {isa = PBXFileReference; fileEncoding = 30; lastKnownFileType = sourcecode.cpp.cpp; name = projectHelperThread.cpp; path = src/projectHelperThread.cpp; sourceTree = "<group>"; };
		33C205D20D64C17E006EE977 /* projectsManager.cpp */ = {isa = PBXFileReference; fileEncoding = 30; lastKnownFileType = sourcecode.cpp.cpp; name = projectsManager.cpp; path = src/projectsManager.cpp; sourceTree = "<group>"; };
		33C205D30D64C17E006EE977 /* queue.cpp */ = {isa = PBXFileReference; fileEncoding = 30; lastKnownFileType = sourcecode.cpp.cpp; name = queue.cpp; path = src/queue.cpp; sourceTree = "<group>"; };
		33C205D40D64C17E006EE977 /* staticBoldedText.cpp */ = {isa = PBXFileReference; fileEncoding = 30; lastKnownFileType = sourcecode.cpp.cpp; name = staticBoldedText.cpp; path = src/staticBoldedText.cpp; sourceTree = "<group>"; };
		33C205D50D64C17E006EE977 /* tools.cpp */ = {isa = PBXFileReference; fileEncoding = 30; lastKnownFileType = sourcecode.cpp.cpp; name = tools.cpp; path = src/tools.cpp; sourceTree = "<group>"; };
		33C205D60D64C17E006EE977 /* trayManager.cpp */ = {isa = PBXFileReference; fileEncoding = 30; lastKnownFileType = sourcecode.cpp.cpp; name = trayManager.cpp; path = src/trayManager.cpp; sourceTree = "<group>"; };
		33C205D70D64C17E006EE977 /* webMonitor.cpp */ = {isa = PBXFileReference; fileEncoding = 30; lastKnownFileType = sourcecode.cpp.cpp; name = webMonitor.cpp; path = src/webMonitor.cpp; sourceTree = "<group>"; };
		33C205D80D64C17E006EE977 /* workUnitFrame.cpp */ = {isa = PBXFileReference; fileEncoding = 30; lastKnownFileType = sourcecode.cpp.cpp; name = workUnitFrame.cpp; path = src/workUnitFrame.cpp; sourceTree = "<group>"; };
		33C205ED0D64C1CD006EE977 /* aboutDialog.h */ = {isa = PBXFileReference; fileEncoding = 30; lastKnownFileType = sourcecode.c.h; name = aboutDialog.h; path = src/include/aboutDialog.h; sourceTree = "<group>"; };
		33C205EE0D64C1CD006EE977 /* base64Codec.h */ = {isa = PBXFileReference; fileEncoding = 30; lastKnownFileType = sourcecode.c.h; name = base64Codec.h; path = src/include/base64Codec.h; sourceTree = "<group>"; };
		33C205EF0D64C1CD006EE977 /* benchmark.h */ = {isa = PBXFileReference; fileEncoding = 30; lastKnownFileType = sourcecode.c.h; name = benchmark.h; path = src/include/benchmark.h; sourceTree = "<group>"; };
		33C205F00D64C1CE006EE977 /* benchmarksDialog.h */ = {isa = PBXFileReference; fileEncoding = 30; lastKnownFileType = sourcecode.c.h; name = benchmarksDialog.h; path = src/include/benchmarksDialog.h; sourceTree = "<group>"; };
		33C205F10D64C1CE006EE977 /* benchmarksManager.h */ = {isa = PBXFileReference; fileEncoding = 30; lastKnownFileType = sourcecode.c.h; name = benchmarksManager.h; path = src/include/benchmarksManager.h; sourceTree = "<group>"; };
		33C205F20D64C1CE006EE977 /* client.h */ = {isa = PBXFileReference; fileEncoding = 30; lastKnownFileType = sourcecode.c.h; name = client.h; path = src/include/client.h; sourceTree = "<group>"; };
		33C205F30D64C1CE006EE977 /* clientDialog.h */ = {isa = PBXFileReference; fileEncoding = 30; lastKnownFileType = sourcecode.c.h; name = clientDialog.h; path = src/include/clientDialog.h; sourceTree = "<group>"; };
		33C205F40D64C1CE006EE977 /* clientHelperThread.h */ = {isa = PBXFileReference; fileEncoding = 30; lastKnownFileType = sourcecode.c.h; name = clientHelperThread.h; path = src/include/clientHelperThread.h; sourceTree = "<group>"; };
		33C205F50D64C1CE006EE977 /* clientsManager.h */ = {isa = PBXFileReference; fileEncoding = 30; lastKnownFileType = sourcecode.c.h; name = clientsManager.h; path = src/include/clientsManager.h; sourceTree = "<group>"; };
		33C205F60D64C1CE006EE977 /* core.h */ = {isa = PBXFileReference; fileEncoding = 30; lastKnownFileType = sourcecode.c.h; name = core.h; path = src/include/core.h; sourceTree = "<group>"; };
		33C205F70D64C1CE006EE977 /* dataInputStream.h */ = {isa = PBXFileReference; fileEncoding = 30; lastKnownFileType = sourcecode.c.h; name = dataInputStream.h; path = src/include/dataInputStream.h; sourceTree = "<group>"; };
		33C205F80D64C1CE006EE977 /* dataOutputStream.h */ = {isa = PBXFileReference; fileEncoding = 30; lastKnownFileType = sourcecode.c.h; name = dataOutputStream.h; path = src/include/dataOutputStream.h; sourceTree = "<group>"; };
		33C205F90D64C1CE006EE977 /* eta.h */ = {isa = PBXFileReference; fileEncoding = 30; lastKnownFileType = sourcecode.c.h; name = eta.h; path = src/include/eta.h; sourceTree = "<group>"; };
		33C205FA0D64C1CE006EE977 /* fahlogAnalyzer.h */ = {isa = PBXFileReference; fileEncoding = 30; lastKnownFileType = sourcecode.c.h; name = fahlogAnalyzer.h; path = src/include/fahlogAnalyzer.h; sourceTree = "<group>"; };
		33C205FB0D64C1CE006EE977 /* fahmon.h */ = {isa = PBXFileReference; fileEncoding = 30; lastKnownFileType = sourcecode.c.h; name = fahmon.h; path = src/include/fahmon.h; sourceTree = "<group>"; };
		33C205FC0D64C1CE006EE977 /* fahmonConsts.h */ = {isa = PBXFileReference; fileEncoding = 30; lastKnownFileType = sourcecode.c.h; name = fahmonConsts.h; path = src/include/fahmonConsts.h; sourceTree = "<group>"; };
		33C205FD0D64C1CE006EE977 /* fahmonTypes.h */ = {isa = PBXFileReference; fileEncoding = 30; lastKnownFileType = sourcecode.c.h; name = fahmonTypes.h; path = src/include/fahmonTypes.h; sourceTree = "<group>"; };
		33C205FE0D64C1CE006EE977 /* firstTimeDialog.h */ = {isa = PBXFileReference; fileEncoding = 30; lastKnownFileType = sourcecode.c.h; name = firstTimeDialog.h; path = src/include/firstTimeDialog.h; sourceTree = "<group>"; };
		33C205FF0D64C1CE006EE977 /* htmlParser.h */ = {isa = PBXFileReference; fileEncoding = 30; lastKnownFileType = sourcecode.c.h; name = htmlParser.h; path = src/include/htmlParser.h; sourceTree = "<group>"; };
		33C206000D64C1CE006EE977 /* httpDownloader.h */ = {isa = PBXFileReference; fileEncoding = 30; lastKnownFileType = sourcecode.c.h; name = httpDownloader.h; path = src/include/httpDownloader.h; sourceTree = "<group>"; };
		33C206010D64C1CE006EE977 /* listViewClients.h */ = {isa = PBXFileReference; fileEncoding = 30; lastKnownFileType = sourcecode.c.h; name = listViewClients.h; path = src/include/listViewClients.h; sourceTree = "<group>"; };
		33C206020D64C1CE006EE977 /* main.h */ = {isa = PBXFileReference; fileEncoding = 30; lastKnownFileType = sourcecode.c.h; name = main.h; path = src/include/main.h; sourceTree = "<group>"; };
		33C206030D64C1CE006EE977 /* mainDialog.h */ = {isa = PBXFileReference; fileEncoding = 30; lastKnownFileType = sourcecode.c.h; name = mainDialog.h; path = src/include/mainDialog.h; sourceTree = "<group>"; };
		33C206040D64C1CE006EE977 /* messagesFrame.h */ = {isa = PBXFileReference; fileEncoding = 30; lastKnownFileType = sourcecode.c.h; name = messagesFrame.h; path = src/include/messagesFrame.h; sourceTree = "<group>"; };
		33C206050D64C1CE006EE977 /* messagesManager.h */ = {isa = PBXFileReference; fileEncoding = 30; lastKnownFileType = sourcecode.c.h; name = messagesManager.h; path = src/include/messagesManager.h; sourceTree = "<group>"; };
		33C206060D64C1CE006EE977 /* pathManager.h */ = {isa = PBXFileReference; fileEncoding = 30; lastKnownFileType = sourcecode.c.h; name = pathManager.h; path = src/include/pathManager.h; sourceTree = "<group>"; };
		33C206070D64C1CE006EE977 /* preference.h */ = {isa = PBXFileReference; fileEncoding = 30; lastKnownFileType = sourcecode.c.h; name = preference.h; path = src/include/preference.h; sourceTree = "<group>"; };
		33C206080D64C1CE006EE977 /* preferencesDialog.h */ = {isa = PBXFileReference; fileEncoding = 30; lastKnownFileType = sourcecode.c.h; name = preferencesDialog.h; path = src/include/preferencesDialog.h; sourceTree = "<group>"; };
		33C206090D64C1CE006EE977 /* preferencesManager.h */ = {isa = PBXFileReference; fileEncoding = 30; lastKnownFileType = sourcecode.c.h; name = preferencesManager.h; path = src/include/preferencesManager.h; sourceTree = "<group>"; };
		33C2060A0D64C1CE006EE977 /* progressManager.h */ = {isa = PBXFileReference; fileEncoding = 30; lastKnownFileType = sourcecode.c.h; name = progressManager.h; path = src/include/progressManager.h; sourceTree = "<group>"; };
		33C2060B0D64C1CE006EE977 /* project.h */ = {isa = PBXFileReference; fileEncoding = 30; lastKnownFileType = sourcecode.c.h; name = project.h; path = src/include/project.h; sourceTree = "<group>"; };
		33C2060C0D64C1CE006EE977 /* projectHelperThread.h */ = {isa = PBXFileReference; fileEncoding = 30; lastKnownFileType = sourcecode.c.h; name = projectHelperThread.h; path = src/include/projectHelperThread.h; sourceTree = "<group>"; };
		33C2060D0D64C1CE006EE977 /* projectsManager.h */ = {isa = PBXFileReference; fileEncoding = 30; lastKnownFileType = sourcecode.c.h; name = projectsManager.h; path = src/include/projectsManager.h; sourceTree = "<group>"; };
		33C2060E0D64C1CE006EE977 /* queue.h */ = {isa = PBXFileReference; fileEncoding = 30; lastKnownFileType = sourcecode.c.h; name = queue.h; path = src/include/queue.h; sourceTree = "<group>"; };
		33C2060F0D64C1CE006EE977 /* resource.h */ = {isa = PBXFileReference; fileEncoding = 30; lastKnownFileType = sourcecode.c.h; name = resource.h; path = src/include/resource.h; sourceTree = "<group>"; };
		33C206100D64C1CE006EE977 /* staticBoldedText.h */ = {isa = PBXFileReference; fileEncoding = 30; lastKnownFileType = sourcecode.c.h; name = staticBoldedText.h; path = src/include/staticBoldedText.h; sourceTree = "<group>"; };
		33C206110D64C1CE006EE977 /* tools.h */ = {isa = PBXFileReference; fileEncoding = 30; lastKnownFileType = sourcecode.c.h; name = tools.h; path = src/include/tools.h; sourceTree = "<group>"; };
		33C206120D64C1CE006EE977 /* trayManager.h */ = {isa = PBXFileReference; fileEncoding = 30; lastKnownFileType = sourcecode.c.h; name = trayManager.h; path = src/include/trayManager.h; sourceTree = "<group>"; };
		33C206130D64C1CE006EE977 /* webMonitor.h */ = {isa = PBXFileReference; fileEncoding = 30; lastKnownFileType = sourcecode.c.h; name = webMonitor.h; path = src/include/webMonitor.h; sourceTree = "<group>"; };
		33C206140D64C1CE006EE977 /* workUnitFrame.h */ = {isa = PBXFileReference; fileEncoding = 30; lastKnownFileType = sourcecode.c.h; name = workUnitFrame.h; path = src/include/workUnitFrame.h; sourceTree = "<group>"; };
		33D309020F532A8500C6B636 /* libwxcode_macu_wxcurl-2.8.a */ = {isa = PBXFileReference; lastKnownFileType = archive.ar; name = "libwxcode_macu_wxcurl-2.8.a"; path = "../../wxcurl/lib/libwxcode_macu_wxcurl-2.8.a"; sourceTree = SOURCE_ROOT; };
		33D309070F53635900C6B636 /* libwx_macu_gl-2.8.a */ = {isa = PBXFileReference; lastKnownFileType = archive.ar; name = "libwx_macu_gl-2.8.a"; path = "../../../Development/wxMac-2.8.9/build-release/lib/libwx_macu_gl-2.8.a"; sourceTree = SOURCE_ROOT; };
		33D309150F536B6000C6B636 /* list_client_error.png */ = {isa = PBXFileReference; lastKnownFileType = image.png; name = list_client_error.png; path = src/images/list_client_error.png; sourceTree = "<group>"; };
		33D309160F536B6000C6B636 /* list_client_paused.png */ = {isa = PBXFileReference; lastKnownFileType = image.png; name = list_client_paused.png; path = src/images/list_client_paused.png; sourceTree = "<group>"; };
		33D3091B0F536C0D00C6B636 /* fahmon.mo */ = {isa = PBXFileReference; lastKnownFileType = file; name = fahmon.mo; path = lang/it_IT/fahmon.mo; sourceTree = "<group>"; };
		33D309210F536CF700C6B636 /* fahmon.mo */ = {isa = PBXFileReference; lastKnownFileType = file; name = fahmon.mo; path = lang/nb_NB/fahmon.mo; sourceTree = "<group>"; };
		33DFF4890D6255770095F52F /* FahMon.app */ = {isa = PBXFileReference; explicitFileType = wrapper.application; includeInIndex = 0; path = FahMon.app; sourceTree = BUILT_PRODUCTS_DIR; };
/* End PBXFileReference section */

/* Begin PBXFrameworksBuildPhase section */
		33DFF4870D6255770095F52F /* Frameworks */ = {
			isa = PBXFrameworksBuildPhase;
			buildActionMask = 2147483647;
			files = (
				330B46860F531752009239FC /* libwx_macu_core-2.8.a in Frameworks */,
				330B46870F531752009239FC /* libwxpng-2.8.a in Frameworks */,
				330B468B0F5317B1009239FC /* libwx_macu_adv-2.8.a in Frameworks */,
				330B468C0F5317B1009239FC /* libwx_macu_qa-2.8.a in Frameworks */,
				330B46990F53182C009239FC /* libwx_base_carbonu-2.8.a in Frameworks */,
				330B469A0F53182C009239FC /* libwx_base_carbonu_net-2.8.a in Frameworks */,
				330B469B0F53182C009239FC /* libwx_base_carbonu_xml-2.8.a in Frameworks */,
				330B469C0F53182C009239FC /* libwx_macu_aui-2.8.a in Frameworks */,
				330B469D0F53182C009239FC /* libwx_macu_html-2.8.a in Frameworks */,
				330B469E0F53182C009239FC /* libwx_macu_richtext-2.8.a in Frameworks */,
				330B469F0F53182C009239FC /* libwx_macu_xrc-2.8.a in Frameworks */,
				330B46A00F53182C009239FC /* libwxexpat-2.8.a in Frameworks */,
				330B46A10F53182C009239FC /* libwxjpeg-2.8.a in Frameworks */,
				330B46A20F53182C009239FC /* libwxregexu-2.8.a in Frameworks */,
				330B46A30F53182C009239FC /* libwxtiff-2.8.a in Frameworks */,
				33D309030F532A8500C6B636 /* libwxcode_macu_wxcurl-2.8.a in Frameworks */,
				33D309080F53635900C6B636 /* libwx_macu_gl-2.8.a in Frameworks */,
			);
			runOnlyForDeploymentPostprocessing = 0;
		};
/* End PBXFrameworksBuildPhase section */

/* Begin PBXGroup section */
		3397B2290D667AA300580155 /* cs_CZ */ = {
			isa = PBXGroup;
			children = (
				3397B22A0D667AA300580155 /* fahmon.mo */,
			);
			name = cs_CZ;
			path = lang/cs_CZ;
			sourceTree = "<group>";
		};
		3397B22B0D667AA300580155 /* de_DE */ = {
			isa = PBXGroup;
			children = (
				3397B22C0D667AA300580155 /* fahmon.mo */,
			);
			name = de_DE;
			path = lang/de_DE;
			sourceTree = "<group>";
		};
		3397B22D0D667AA300580155 /* en_GB */ = {
			isa = PBXGroup;
			children = (
				3397B22E0D667AA300580155 /* fahmon.mo */,
			);
			name = en_GB;
			path = lang/en_GB;
			sourceTree = "<group>";
		};
		3397B22F0D667AA300580155 /* es_ES */ = {
			isa = PBXGroup;
			children = (
				3397B2300D667AA300580155 /* fahmon.mo */,
			);
			name = es_ES;
			path = lang/es_ES;
			sourceTree = "<group>";
		};
		3397B2310D667AA300580155 /* fr_FR */ = {
			isa = PBXGroup;
			children = (
				3397B2320D667AA300580155 /* fahmon.mo */,
			);
			name = fr_FR;
			path = lang/fr_FR;
			sourceTree = "<group>";
		};
		3397B2330D667AA300580155 /* nl_NL */ = {
			isa = PBXGroup;
			children = (
				3397B2340D667AA300580155 /* fahmon.mo */,
			);
			name = nl_NL;
			path = lang/nl_NL;
			sourceTree = "<group>";
		};
		3397B2350D667AA300580155 /* pl_PL */ = {
			isa = PBXGroup;
			children = (
				3397B2360D667AA300580155 /* fahmon.mo */,
			);
			name = pl_PL;
			path = lang/pl_PL;
			sourceTree = "<group>";
		};
		3397B2370D667AA300580155 /* pt_BR */ = {
			isa = PBXGroup;
			children = (
				3397B2380D667AA300580155 /* fahmon.mo */,
			);
			name = pt_BR;
			path = lang/pt_BR;
			sourceTree = "<group>";
		};
		3397B2390D667AA300580155 /* pt_PT */ = {
			isa = PBXGroup;
			children = (
				3397B23A0D667AA300580155 /* fahmon.mo */,
			);
			name = pt_PT;
			path = lang/pt_PT;
			sourceTree = "<group>";
		};
		3397B23B0D667AA300580155 /* ru_RU */ = {
			isa = PBXGroup;
			children = (
				3397B23C0D667AA300580155 /* fahmon.mo */,
			);
			name = ru_RU;
			path = lang/ru_RU;
			sourceTree = "<group>";
		};
		3397B23D0D667AA300580155 /* sv_SE */ = {
			isa = PBXGroup;
			children = (
				3397B23E0D667AA300580155 /* fahmon.mo */,
			);
			name = sv_SE;
			path = lang/sv_SE;
			sourceTree = "<group>";
		};
		3397B24C0D667B5400580155 /* lang */ = {
			isa = PBXGroup;
			children = (
				33D309200F536CE400C6B636 /* nb_NB */,
				3397B2290D667AA300580155 /* cs_CZ */,
				3397B22B0D667AA300580155 /* de_DE */,
				3397B22D0D667AA300580155 /* en_GB */,
				3397B22F0D667AA300580155 /* es_ES */,
				3397B2310D667AA300580155 /* fr_FR */,
				33D3091F0F536CBE00C6B636 /* it_IT */,
				3397B2330D667AA300580155 /* nl_NL */,
				3397B2350D667AA300580155 /* pl_PL */,
				3397B2370D667AA300580155 /* pt_BR */,
				3397B2390D667AA300580155 /* pt_PT */,
				3397B23B0D667AA300580155 /* ru_RU */,
				3397B23D0D667AA300580155 /* sv_SE */,
			);
			name = lang;
			sourceTree = "<group>";
		};
		33C205530D64BA55006EE977 /* src */ = {
			isa = PBXGroup;
			children = (
				330B467D0F531619009239FC /* multiProtocolFile.cpp */,
				330B467B0F531601009239FC /* ftpConnection.cpp */,
				33C205C60D64C17E006EE977 /* listViewClients.cpp */,
				33C205C70D64C17E006EE977 /* main.cpp */,
				33C205C80D64C17E006EE977 /* mainDialog.cpp */,
				33C205C90D64C17E006EE977 /* messagesFrame.cpp */,
				33C205CA0D64C17E006EE977 /* messagesManager.cpp */,
				33C205CB0D64C17E006EE977 /* pathManager.cpp */,
				33C205CC0D64C17E006EE977 /* preference.cpp */,
				33C205CD0D64C17E006EE977 /* preferencesDialog.cpp */,
				33C205CE0D64C17E006EE977 /* preferencesManager.cpp */,
				33C205CF0D64C17E006EE977 /* progressManager.cpp */,
				33C205D00D64C17E006EE977 /* project.cpp */,
				33C205D10D64C17E006EE977 /* projectHelperThread.cpp */,
				33C205D20D64C17E006EE977 /* projectsManager.cpp */,
				33C205D30D64C17E006EE977 /* queue.cpp */,
				33C205D40D64C17E006EE977 /* staticBoldedText.cpp */,
				33C205D50D64C17E006EE977 /* tools.cpp */,
				33C205D60D64C17E006EE977 /* trayManager.cpp */,
				33C205D70D64C17E006EE977 /* webMonitor.cpp */,
				33C205D80D64C17E006EE977 /* workUnitFrame.cpp */,
				33C205A20D64C154006EE977 /* aboutDialog.cpp */,
				33C205A30D64C154006EE977 /* base64Codec.cpp */,
				33C205A40D64C154006EE977 /* benchmark.cpp */,
				33C205A50D64C154006EE977 /* benchmarksDialog.cpp */,
				33C205A60D64C154006EE977 /* benchmarksManager.cpp */,
				33C205A70D64C154006EE977 /* client.cpp */,
				33C205A80D64C154006EE977 /* clientDialog.cpp */,
				33C205A90D64C154006EE977 /* clientHelperThread.cpp */,
				33C205AA0D64C154006EE977 /* clientsManager.cpp */,
				33C205AB0D64C154006EE977 /* core.cpp */,
				33C205AC0D64C154006EE977 /* dataInputStream.cpp */,
				33C205AD0D64C154006EE977 /* dataOutputStream.cpp */,
				33C205AE0D64C154006EE977 /* eta.cpp */,
				33C205AF0D64C154006EE977 /* fahlogAnalyzer.cpp */,
				33C205B00D64C154006EE977 /* firstTimeDialog.cpp */,
				33C205B10D64C154006EE977 /* gettext.h */,
				33C205B20D64C154006EE977 /* htmlParser.cpp */,
				33C205B30D64C154006EE977 /* httpDownloader.cpp */,
				33C2055D0D64BB3A006EE977 /* include */,
				33C2055C0D64BB1B006EE977 /* images */,
			);
			name = src;
			sourceTree = "<group>";
		};
		33C2055B0D64BB07006EE977 /* templates */ = {
			isa = PBXGroup;
			children = (
				33C205860D64BE31006EE977 /* fancy_template.htm */,
				33C205870D64BE31006EE977 /* simple_template.htm */,
				33C205880D64BE31006EE977 /* simple_template.txt */,
			);
			name = templates;
			sourceTree = "<group>";
		};
		33C2055C0D64BB1B006EE977 /* images */ = {
			isa = PBXGroup;
			children = (
				33C2059F0D64BF07006EE977 /* dialog_icon.png */,
				33C2058D0D64BEC5006EE977 /* list_client_asynch.png */,
				33C2058F0D64BEC5006EE977 /* list_client_inaccessible.png */,
				33C205900D64BEC5006EE977 /* list_client_inactive.png */,
				33C205910D64BEC5006EE977 /* list_client_ok.png */,
				33C205920D64BEC5006EE977 /* list_client_stopped.png */,
				33C205930D64BEC5006EE977 /* list_down_arrow.png */,
				33C205940D64BEC5006EE977 /* list_up_arrow.png */,
				33C205950D64BEC5006EE977 /* main_icon.png */,
			);
			name = images;
			sourceTree = "<group>";
		};
		33C2055D0D64BB3A006EE977 /* include */ = {
			isa = PBXGroup;
			children = (
				330B467F0F531632009239FC /* ftpConnection.h */,
				330B46800F531632009239FC /* multiProtocolFile.h */,
				33C205ED0D64C1CD006EE977 /* aboutDialog.h */,
				33C205EE0D64C1CD006EE977 /* base64Codec.h */,
				33C205EF0D64C1CD006EE977 /* benchmark.h */,
				33C205F00D64C1CE006EE977 /* benchmarksDialog.h */,
				33C205F10D64C1CE006EE977 /* benchmarksManager.h */,
				33C205F20D64C1CE006EE977 /* client.h */,
				33C205F30D64C1CE006EE977 /* clientDialog.h */,
				33C205F40D64C1CE006EE977 /* clientHelperThread.h */,
				33C205F50D64C1CE006EE977 /* clientsManager.h */,
				33C205F60D64C1CE006EE977 /* core.h */,
				33C205F70D64C1CE006EE977 /* dataInputStream.h */,
				33C205F80D64C1CE006EE977 /* dataOutputStream.h */,
				33C205F90D64C1CE006EE977 /* eta.h */,
				33C205FA0D64C1CE006EE977 /* fahlogAnalyzer.h */,
				33C205FB0D64C1CE006EE977 /* fahmon.h */,
				33C205FC0D64C1CE006EE977 /* fahmonConsts.h */,
				33C205FD0D64C1CE006EE977 /* fahmonTypes.h */,
				33C205FE0D64C1CE006EE977 /* firstTimeDialog.h */,
				33C205FF0D64C1CE006EE977 /* htmlParser.h */,
				33C206000D64C1CE006EE977 /* httpDownloader.h */,
				33C206010D64C1CE006EE977 /* listViewClients.h */,
				33C206020D64C1CE006EE977 /* main.h */,
				33C206030D64C1CE006EE977 /* mainDialog.h */,
				33C206040D64C1CE006EE977 /* messagesFrame.h */,
				33C206050D64C1CE006EE977 /* messagesManager.h */,
				33C206060D64C1CE006EE977 /* pathManager.h */,
				33C206070D64C1CE006EE977 /* preference.h */,
				33C206080D64C1CE006EE977 /* preferencesDialog.h */,
				33C206090D64C1CE006EE977 /* preferencesManager.h */,
				33C2060A0D64C1CE006EE977 /* progressManager.h */,
				33C2060B0D64C1CE006EE977 /* project.h */,
				33C2060C0D64C1CE006EE977 /* projectHelperThread.h */,
				33C2060D0D64C1CE006EE977 /* projectsManager.h */,
				33C2060E0D64C1CE006EE977 /* queue.h */,
				33C2060F0D64C1CE006EE977 /* resource.h */,
				33C206100D64C1CE006EE977 /* staticBoldedText.h */,
				33C206110D64C1CE006EE977 /* tools.h */,
				33C206120D64C1CE006EE977 /* trayManager.h */,
				33C206130D64C1CE006EE977 /* webMonitor.h */,
				33C206140D64C1CE006EE977 /* workUnitFrame.h */,
			);
			name = include;
			sourceTree = "<group>";
		};
		33C205780D64BB9C006EE977 /* mac */ = {
			isa = PBXGroup;
			children = (
				33C2057F0D64BC79006EE977 /* FahMon-Info.plist */,
				33C2057D0D64BC30006EE977 /* fahmon.icns */,
			);
			name = mac;
			sourceTree = "<group>";
		};
		33D3091F0F536CBE00C6B636 /* it_IT */ = {
			isa = PBXGroup;
			children = (
				33D3091B0F536C0D00C6B636 /* fahmon.mo */,
			);
			name = it_IT;
			sourceTree = "<group>";
		};
		33D309200F536CE400C6B636 /* nb_NB */ = {
			isa = PBXGroup;
			children = (
				33D309210F536CF700C6B636 /* fahmon.mo */,
			);
			name = nb_NB;
			sourceTree = "<group>";
		};
		33DFF4790D6255580095F52F = {
			isa = PBXGroup;
			children = (
				33D309150F536B6000C6B636 /* list_client_error.png */,
				33D309160F536B6000C6B636 /* list_client_paused.png */,
				33D309070F53635900C6B636 /* libwx_macu_gl-2.8.a */,
				33D309020F532A8500C6B636 /* libwxcode_macu_wxcurl-2.8.a */,
				330B468E0F53182C009239FC /* libwx_base_carbonu-2.8.a */,
				330B468F0F53182C009239FC /* libwx_base_carbonu_net-2.8.a */,
				330B46900F53182C009239FC /* libwx_base_carbonu_xml-2.8.a */,
				330B46910F53182C009239FC /* libwx_macu_aui-2.8.a */,
				330B46920F53182C009239FC /* libwx_macu_html-2.8.a */,
				330B46930F53182C009239FC /* libwx_macu_richtext-2.8.a */,
				330B46940F53182C009239FC /* libwx_macu_xrc-2.8.a */,
				330B46950F53182C009239FC /* libwxexpat-2.8.a */,
				330B46960F53182C009239FC /* libwxjpeg-2.8.a */,
				330B46970F53182C009239FC /* libwxregexu-2.8.a */,
				330B46980F53182C009239FC /* libwxtiff-2.8.a */,
				330B46890F5317B1009239FC /* libwx_macu_adv-2.8.a */,
				330B468A0F5317B1009239FC /* libwx_macu_qa-2.8.a */,
				330B46840F531752009239FC /* libwx_macu_core-2.8.a */,
				330B46850F531752009239FC /* libwxpng-2.8.a */,
				3397B24C0D667B5400580155 /* lang */,
				33C205780D64BB9C006EE977 /* mac */,
				33C2055B0D64BB07006EE977 /* templates */,
				33C205530D64BA55006EE977 /* src */,
				33DFF48A0D6255770095F52F /* Products */,
			);
			sourceTree = "<group>";
		};
		33DFF48A0D6255770095F52F /* Products */ = {
			isa = PBXGroup;
			children = (
				33DFF4890D6255770095F52F /* FahMon.app */,
			);
			name = Products;
			sourceTree = "<group>";
		};
/* End PBXGroup section */

/* Begin PBXNativeTarget section */
		33DFF4880D6255770095F52F /* FahMon */ = {
			isa = PBXNativeTarget;
			buildConfigurationList = 33DFF48D0D6255790095F52F /* Build configuration list for PBXNativeTarget "FahMon" */;
			buildPhases = (
				33DFF4850D6255770095F52F /* Resources */,
				33DFF4860D6255770095F52F /* Sources */,
				33DFF4870D6255770095F52F /* Frameworks */,
				3397B2270D667A7100580155 /* Copy cs_CZ translation */,
				3397B24F0D667BB000580155 /* Copy de_DE translation */,
				3397B2520D667BD700580155 /* Copy en_GB translation */,
				3397B2550D667C1C00580155 /* Copy es_ES translation */,
				3397B2580D667C4400580155 /* Copy fr_FR translation */,
				3397B25B0D667C6800580155 /* Copy nl_NL translation */,
				3397B25E0D667C8700580155 /* Copy pl_PL translation */,
				3397B2610D667CA700580155 /* Copy pt_BR translation */,
				3397B2640D667CC500580155 /* Copy pt_PT translation */,
				3397B2670D667CE600580155 /* Copy ru_RU translation */,
				3397B26A0D667D1100580155 /* Copy sv_SE translation */,
				33D3091A0F536C0C00C6B636 /* Copy it_IT translation */,
				33D309260F536D4B00C6B636 /* Copy nb_NB translation */,
			);
			buildRules = (
			);
			dependencies = (
			);
			name = FahMon;
			productName = FahMon;
			productReference = 33DFF4890D6255770095F52F /* FahMon.app */;
			productType = "com.apple.product-type.application";
		};
/* End PBXNativeTarget section */

/* Begin PBXProject section */
		33DFF47B0D6255580095F52F /* Project object */ = {
			isa = PBXProject;
			buildConfigurationList = 33DFF47C0D6255590095F52F /* Build configuration list for PBXProject "FahMon" */;
			compatibilityVersion = "Xcode 2.4";
			hasScannedForEncodings = 0;
			mainGroup = 33DFF4790D6255580095F52F;
			productRefGroup = 33DFF48A0D6255770095F52F /* Products */;
			projectDirPath = "";
			projectRoot = "";
			targets = (
				33DFF4880D6255770095F52F /* FahMon */,
			);
		};
/* End PBXProject section */

/* Begin PBXResourcesBuildPhase section */
		33DFF4850D6255770095F52F /* Resources */ = {
			isa = PBXResourcesBuildPhase;
			buildActionMask = 2147483647;
			files = (
				33C2057E0D64BC30006EE977 /* fahmon.icns in Resources */,
				33C205800D64BC79006EE977 /* FahMon-Info.plist in Resources */,
				33C205890D64BE31006EE977 /* fancy_template.htm in Resources */,
				33C2058A0D64BE31006EE977 /* simple_template.htm in Resources */,
				33C2058B0D64BE31006EE977 /* simple_template.txt in Resources */,
				33C205960D64BEC5006EE977 /* list_client_asynch.png in Resources */,
				33C205980D64BEC5006EE977 /* list_client_inaccessible.png in Resources */,
				33C205990D64BEC5006EE977 /* list_client_inactive.png in Resources */,
				33C2059A0D64BEC5006EE977 /* list_client_ok.png in Resources */,
				33C2059B0D64BEC5006EE977 /* list_client_stopped.png in Resources */,
				33C2059C0D64BEC5006EE977 /* list_down_arrow.png in Resources */,
				33C2059D0D64BEC5006EE977 /* list_up_arrow.png in Resources */,
				33C2059E0D64BEC5006EE977 /* main_icon.png in Resources */,
				33C205A00D64BF07006EE977 /* dialog_icon.png in Resources */,
				33D309170F536B6000C6B636 /* list_client_error.png in Resources */,
				33D309180F536B6000C6B636 /* list_client_paused.png in Resources */,
				33D3091C0F536C0D00C6B636 /* fahmon.mo in Resources */,
				33D309220F536CF700C6B636 /* fahmon.mo in Resources */,
			);
			runOnlyForDeploymentPostprocessing = 0;
		};
/* End PBXResourcesBuildPhase section */

/* Begin PBXSourcesBuildPhase section */
		33DFF4860D6255770095F52F /* Sources */ = {
			isa = PBXSourcesBuildPhase;
			buildActionMask = 2147483647;
			files = (
				33C205B40D64C154006EE977 /* aboutDialog.cpp in Sources */,
				33C205B50D64C154006EE977 /* base64Codec.cpp in Sources */,
				33C205B60D64C154006EE977 /* benchmark.cpp in Sources */,
				33C205B70D64C154006EE977 /* benchmarksDialog.cpp in Sources */,
				33C205B80D64C154006EE977 /* benchmarksManager.cpp in Sources */,
				33C205B90D64C154006EE977 /* client.cpp in Sources */,
				33C205BA0D64C154006EE977 /* clientDialog.cpp in Sources */,
				33C205BB0D64C154006EE977 /* clientHelperThread.cpp in Sources */,
				33C205BC0D64C154006EE977 /* clientsManager.cpp in Sources */,
				33C205BD0D64C154006EE977 /* core.cpp in Sources */,
				33C205BE0D64C154006EE977 /* dataInputStream.cpp in Sources */,
				33C205BF0D64C154006EE977 /* dataOutputStream.cpp in Sources */,
				33C205C00D64C154006EE977 /* eta.cpp in Sources */,
				33C205C10D64C154006EE977 /* fahlogAnalyzer.cpp in Sources */,
				33C205C20D64C154006EE977 /* firstTimeDialog.cpp in Sources */,
				33C205C40D64C154006EE977 /* htmlParser.cpp in Sources */,
				33C205C50D64C154006EE977 /* httpDownloader.cpp in Sources */,
				33C205D90D64C17E006EE977 /* listViewClients.cpp in Sources */,
				33C205DA0D64C17E006EE977 /* main.cpp in Sources */,
				33C205DB0D64C17E006EE977 /* mainDialog.cpp in Sources */,
				33C205DC0D64C17E006EE977 /* messagesFrame.cpp in Sources */,
				33C205DD0D64C17E006EE977 /* messagesManager.cpp in Sources */,
				33C205DE0D64C17E006EE977 /* pathManager.cpp in Sources */,
				33C205DF0D64C17E006EE977 /* preference.cpp in Sources */,
				33C205E00D64C17E006EE977 /* preferencesDialog.cpp in Sources */,
				33C205E10D64C17E006EE977 /* preferencesManager.cpp in Sources */,
				33C205E20D64C17E006EE977 /* progressManager.cpp in Sources */,
				33C205E30D64C17E006EE977 /* project.cpp in Sources */,
				33C205E40D64C17E006EE977 /* projectHelperThread.cpp in Sources */,
				33C205E50D64C17E006EE977 /* projectsManager.cpp in Sources */,
				33C205E60D64C17E006EE977 /* queue.cpp in Sources */,
				33C205E70D64C17E006EE977 /* staticBoldedText.cpp in Sources */,
				33C205E80D64C17E006EE977 /* tools.cpp in Sources */,
				33C205E90D64C17E006EE977 /* trayManager.cpp in Sources */,
				33C205EA0D64C17E006EE977 /* webMonitor.cpp in Sources */,
				33C205EB0D64C17E006EE977 /* workUnitFrame.cpp in Sources */,
				330B467C0F531601009239FC /* ftpConnection.cpp in Sources */,
				330B467E0F531619009239FC /* multiProtocolFile.cpp in Sources */,
			);
			runOnlyForDeploymentPostprocessing = 0;
		};
/* End PBXSourcesBuildPhase section */

/* Begin XCBuildConfiguration section */
		33DFF47D0D6255590095F52F /* Debug */ = {
			isa = XCBuildConfiguration;
			buildSettings = {
				ARCHS = (
					ppc,
					i386,
				);
				COPY_PHASE_STRIP = NO;
				GCC_OPTIMIZATION_LEVEL = 0;
				HEADER_SEARCH_PATHS = (
					"/usr/local/include/wx-2.8",
					"/usr/local/lib/wx/include/mac-unicode-release-static-2.8",
					"$(inherited)",
					./,
				);
				OTHER_LDFLAGS = (
					"-lz",
					"-lwxpng-2.8",
					"-lpthread",
					"-framework",
					WebKit,
					"-framework",
					IOKit,
					"-framework",
					Carbon,
					"-framework",
					System,
					"-liconv",
					"-framework",
					Cocoa,
					"-framework",
					QuickTime,
					"$(inherited)",
				);
				ZERO_LINK = NO;
			};
			name = Debug;
		};
		33DFF47E0D6255590095F52F /* Release */ = {
			isa = XCBuildConfiguration;
			buildSettings = {
				COPY_PHASE_STRIP = YES;
			};
			name = Release;
		};
		33DFF48E0D6255790095F52F /* Debug */ = {
			isa = XCBuildConfiguration;
			buildSettings = {
				COPY_PHASE_STRIP = NO;
				GCC_DYNAMIC_NO_PIC = NO;
				GCC_ENABLE_FIX_AND_CONTINUE = YES;
				GCC_GENERATE_DEBUGGING_SYMBOLS = YES;
				GCC_MODEL_TUNING = G5;
				GCC_OPTIMIZATION_LEVEL = 0;
				GCC_PRECOMPILE_PREFIX_HEADER = YES;
				GCC_PREFIX_HEADER = "$(SYSTEM_LIBRARY_DIR)/Frameworks/Carbon.framework/Headers/Carbon.h";
				HEADER_SEARCH_PATHS = (
					"/usr/local/lib/wx/include/mac-unicode-release-static-2.8",
					"/usr/local/include/wx-2.8",
					"$(inherited)",
				);
				INFOPLIST_FILE = "FahMon-Info.plist";
				INSTALL_PATH = "$(HOME)/Applications";
				LIBRARY_SEARCH_PATHS = (
					"$(inherited)",
					"$(LIBRARY_SEARCH_PATHS_QUOTED_1)",
					"$(LIBRARY_SEARCH_PATHS_QUOTED_FOR_TARGET_1)",
					"$(LIBRARY_SEARCH_PATHS_QUOTED_FOR_TARGET_2)",
					"$(LIBRARY_SEARCH_PATHS_QUOTED_FOR_TARGET_3)",
				);
				LIBRARY_SEARCH_PATHS_QUOTED_1 = "\"$(SRCROOT)\"";
				LIBRARY_SEARCH_PATHS_QUOTED_FOR_TARGET_1 = "\"$(SRCROOT)/../../../Development/wxMac-2.8.9/build-release/lib\"";
				LIBRARY_SEARCH_PATHS_QUOTED_FOR_TARGET_2 = "\"$(SRCROOT)/../../wxcurl/lib\"";
				LIBRARY_SEARCH_PATHS_QUOTED_FOR_TARGET_3 = "\"$(SRCROOT)/../../../Development/wxMac-2.8.9/build-release/lib\"";
				OTHER_CFLAGS = (
					"-D_FILE_OFFSET_BITS=64",
					"-D_LARGE_FILES",
					"-D__WXMAC__",
				);
				OTHER_LDFLAGS = (
					"-lz",
					"-framework",
					QuickTime,
					"-framework",
					Cocoa,
					"-framework",
					Carbon,
					"-framework",
					IOKit,
					"-framework",
					System,
					"-liconv",
				);
				PREBINDING = NO;
				PRODUCT_NAME = FahMon;
				WRAPPER_EXTENSION = app;
				ZERO_LINK = NO;
			};
			name = Debug;
		};
		33DFF48F0D6255790095F52F /* Release */ = {
			isa = XCBuildConfiguration;
			buildSettings = {
				ARCHS = (
					ppc,
					i386,
				);
				COPY_PHASE_STRIP = YES;
				GCC_ALTIVEC_EXTENSIONS = YES;
				GCC_ENABLE_FIX_AND_CONTINUE = NO;
				GCC_GENERATE_DEBUGGING_SYMBOLS = NO;
				GCC_INLINES_ARE_PRIVATE_EXTERN = NO;
				GCC_MODEL_TUNING = G5;
				GCC_PRECOMPILE_PREFIX_HEADER = YES;
				GCC_PREFIX_HEADER = "$(SYSTEM_LIBRARY_DIR)/Frameworks/Carbon.framework/Headers/Carbon.h";
				GCC_SYMBOLS_PRIVATE_EXTERN = NO;
				HEADER_SEARCH_PATHS = (
					"/usr/local/include/wx-2.8",
					"/usr/local/lib/wx/include/mac-unicode-release-static-2.8",
					"$(inherited)",
					./wxcurl/include,
				);
				INFOPLIST_FILE = "FahMon-Info.plist";
				INSTALL_PATH = "$(HOME)/Applications";
				LIBRARY_SEARCH_PATHS = (
					"$(inherited)",
					"$(LIBRARY_SEARCH_PATHS_QUOTED_1)",
					"$(LIBRARY_SEARCH_PATHS_QUOTED_FOR_TARGET_1)",
					"$(LIBRARY_SEARCH_PATHS_QUOTED_FOR_TARGET_2)",
					"$(LIBRARY_SEARCH_PATHS_QUOTED_FOR_TARGET_3)",
				);
				LIBRARY_SEARCH_PATHS_QUOTED_1 = "\"$(SRCROOT)\"";
				LIBRARY_SEARCH_PATHS_QUOTED_FOR_TARGET_1 = "\"$(SRCROOT)/../../../Development/wxMac-2.8.9/build-release/lib\"";
				LIBRARY_SEARCH_PATHS_QUOTED_FOR_TARGET_2 = "\"$(SRCROOT)/../../wxcurl/lib\"";
				LIBRARY_SEARCH_PATHS_QUOTED_FOR_TARGET_3 = "\"$(SRCROOT)/../../../Development/wxMac-2.8.9/build-release/lib\"";
				OTHER_CFLAGS = (
					"-D_FILE_OFFSET_BITS=64",
					"-D_LARGE_FILES",
					"-D__WXMAC__",
				);
				OTHER_LDFLAGS = (
					"-framework",
					System,
					"-framework",
					IOKit,
					"-framework",
					Cocoa,
					"-framework",
					QuickTime,
					"-liconv",
					"-lz",
					"-framework",
					Carbon,
					"-framework",
					OpenGL,
					"-lcurl",
					"-lssl",
					"-lcrypto",
				);
				PREBINDING = NO;
				PRODUCT_NAME = FahMon;
				SEPARATE_STRIP = YES;
				STRIP_INSTALLED_PRODUCT = YES;
				WRAPPER_EXTENSION = app;
				ZERO_LINK = NO;
			};
			name = Release;
		};
/* End XCBuildConfiguration section */

/* Begin XCConfigurationList section */
		33DFF47C0D6255590095F52F /* Build configuration list for PBXProject "FahMon" */ = {
			isa = XCConfigurationList;
			buildConfigurations = (
				33DFF47D0D6255590095F52F /* Debug */,
				33DFF47E0D6255590095F52F /* Release */,
			);
			defaultConfigurationIsVisible = 0;
			defaultConfigurationName = Release;
		};
		33DFF48D0D6255790095F52F /* Build configuration list for PBXNativeTarget "FahMon" */ = {
			isa = XCConfigurationList;
			buildConfigurations = (
				33DFF48E0D6255790095F52F /* Debug */,
				33DFF48F0D6255790095F52F /* Release */,
			);
			defaultConfigurationIsVisible = 0;
			defaultConfigurationName = Release;
		};
/* End XCConfigurationList section */
	};
	rootObject = 33DFF47B0D6255580095F52F /* Project object */;
}
